
Microsoft Visual Studio Solution File, Format Version 12.00
# Visual Studio Version 17
VisualStudioVersion = 17.9.34622.214
MinimumVisualStudioVersion = 10.0.40219.1
Project("{FAE04EC0-301F-11D3-BF4B-00C04F79EFBC}") = "InverterString", "InverterString\InverterString.csproj", "{ADC83C69-5266-4F6F-BED8-2EC3A319FFE9}"
EndProject
Global
	GlobalSection(SolutionConfigurationPlatforms) = preSolution
		Debug|Any CPU = Debug|Any CPU
		Release|Any CPU = Release|Any CPU
	EndGlobalSection
	GlobalSection(ProjectConfigurationPlatforms) = postSolution
		{ADC83C69-5266-4F6F-BED8-2EC3A319FFE9}.Debug|Any CPU.ActiveCfg = Debug|Any CPU
		{ADC83C69-5266-4F6F-BED8-2EC3A319FFE9}.Debug|Any CPU.Build.0 = Debug|Any CPU
		{ADC83C69-5266-4F6F-BED8-2EC3A319FFE9}.Release|Any CPU.ActiveCfg = Release|Any CPU
		{ADC83C69-5266-4F6F-BED8-2EC3A319FFE9}.Release|Any CPU.Build.0 = Release|Any CPU
	EndGlobalSection
	GlobalSection(SolutionProperties) = preSolution
		HideSolutionNode = FALSE
	EndGlobalSection
	GlobalSection(ExtensibilityGlobals) = postSolution
		SolutionGuid = {D64AA817-D7D6-4138-AF26-EB5D959159BA}
	EndGlobalSection
EndGlobal
